// !$*UTF8*$!
{
	archiveVersion = 1;
	classes = {
	};
	objectVersion = 56;
	objects = {

/* Begin PBXBuildFile section */
		1F2E10E82A0D854100995004 /* FloatingHeartsApp.swift in Sources */ = {isa = PBXBuildFile; fileRef = 1F2E10E72A0D854100995004 /* FloatingHeartsApp.swift */; };
		1F2E10EA2A0D854100995004 /* ContentView.swift in Sources */ = {isa = PBXBuildFile; fileRef = 1F2E10E92A0D854100995004 /* ContentView.swift */; };
		1F2E10EC2A0D854200995004 /* Assets.xcassets in Resources */ = {isa = PBXBuildFile; fileRef = 1F2E10EB2A0D854200995004 /* Assets.xcassets */; };
		1F2E10EF2A0D854200995004 /* Preview Assets.xcassets in Resources */ = {isa = PBXBuildFile; fileRef = 1F2E10EE2A0D854200995004 /* Preview Assets.xcassets */; };
		1F2E11012A0D857900995004 /* ArrayExtensions.swift in Sources */ = {isa = PBXBuildFile; fileRef = 1F2E10F82A0D857900995004 /* ArrayExtensions.swift */; };
		1F2E11022A0D857900995004 /* ColorExtensions.swift in Sources */ = {isa = PBXBuildFile; fileRef = 1F2E10F92A0D857900995004 /* ColorExtensions.swift */; };
		1F2E11032A0D857900995004 /* MoveShakeScale.swift in Sources */ = {isa = PBXBuildFile; fileRef = 1F2E10FB2A0D857900995004 /* MoveShakeScale.swift */; };
		1F2E11042A0D857900995004 /* HeartViewModel.swift in Sources */ = {isa = PBXBuildFile; fileRef = 1F2E10FD2A0D857900995004 /* HeartViewModel.swift */; };
		1F2E11052A0D857900995004 /* HeartView.swift in Sources */ = {isa = PBXBuildFile; fileRef = 1F2E10FE2A0D857900995004 /* HeartView.swift */; };
		1F2E11062A0D857900995004 /* HeartsView.swift in Sources */ = {isa = PBXBuildFile; fileRef = 1F2E10FF2A0D857900995004 /* HeartsView.swift */; };
		1F2E110A2A0D85F700995004 /* SwiftCubicSpline in Frameworks */ = {isa = PBXBuildFile; productRef = 1F2E11092A0D85F700995004 /* SwiftCubicSpline */; };
/* End PBXBuildFile section */

/* Begin PBXFileReference section */
		1F2E10E42A0D854100995004 /* FloatingHearts.app */ = {isa = PBXFileReference; explicitFileType = wrapper.application; includeInIndex = 0; path = FloatingHearts.app; sourceTree = BUILT_PRODUCTS_DIR; };
		1F2E10E72A0D854100995004 /* FloatingHeartsApp.swift */ = {isa = PBXFileReference; lastKnownFileType = sourcecode.swift; path = FloatingHeartsApp.swift; sourceTree = "<group>"; };
		1F2E10E92A0D854100995004 /* ContentView.swift */ = {isa = PBXFileReference; lastKnownFileType = sourcecode.swift; path = ContentView.swift; sourceTree = "<group>"; };
		1F2E10EB2A0D854200995004 /* Assets.xcassets */ = {isa = PBXFileReference; lastKnownFileType = folder.assetcatalog; path = Assets.xcassets; sourceTree = "<group>"; };
		1F2E10EE2A0D854200995004 /* Preview Assets.xcassets */ = {isa = PBXFileReference; lastKnownFileType = folder.assetcatalog; path = "Preview Assets.xcassets"; sourceTree = "<group>"; };
		1F2E10F82A0D857900995004 /* ArrayExtensions.swift */ = {isa = PBXFileReference; fileEncoding = 4; lastKnownFileType = sourcecode.swift; path = ArrayExtensions.swift; sourceTree = "<group>"; };
		1F2E10F92A0D857900995004 /* ColorExtensions.swift */ = {isa = PBXFileReference; fileEncoding = 4; lastKnownFileType = sourcecode.swift; path = ColorExtensions.swift; sourceTree = "<group>"; };
		1F2E10FB2A0D857900995004 /* MoveShakeScale.swift */ = {isa = PBXFileReference; fileEncoding = 4; lastKnownFileType = sourcecode.swift; path = MoveShakeScale.swift; sourceTree = "<group>"; };
		1F2E10FD2A0D857900995004 /* HeartViewModel.swift */ = {isa = PBXFileReference; fileEncoding = 4; lastKnownFileType = sourcecode.swift; path = HeartViewModel.swift; sourceTree = "<group>"; };
		1F2E10FE2A0D857900995004 /* HeartView.swift */ = {isa = PBXFileReference; fileEncoding = 4; lastKnownFileType = sourcecode.swift; path = HeartView.swift; sourceTree = "<group>"; };
		1F2E10FF2A0D857900995004 /* HeartsView.swift */ = {isa = PBXFileReference; fileEncoding = 4; lastKnownFileType = sourcecode.swift; path = HeartsView.swift; sourceTree = "<group>"; };
/* End PBXFileReference section */

/* Begin PBXFrameworksBuildPhase section */
		1F2E10E12A0D854100995004 /* Frameworks */ = {
			isa = PBXFrameworksBuildPhase;
			buildActionMask = 2147483647;
			files = (
				1F2E110A2A0D85F700995004 /* SwiftCubicSpline in Frameworks */,
			);
			runOnlyForDeploymentPostprocessing = 0;
		};
/* End PBXFrameworksBuildPhase section */

/* Begin PBXGroup section */
		1F2E10DB2A0D854100995004 = {
			isa = PBXGroup;
			children = (
				1F2E10E62A0D854100995004 /* FloatingHearts */,
				1F2E10E52A0D854100995004 /* Products */,
			);
			sourceTree = "<group>";
		};
		1F2E10E52A0D854100995004 /* Products */ = {
			isa = PBXGroup;
			children = (
				1F2E10E42A0D854100995004 /* FloatingHearts.app */,
			);
			name = Products;
			sourceTree = "<group>";
		};
		1F2E10E62A0D854100995004 /* FloatingHearts */ = {
			isa = PBXGroup;
			children = (
				1F2E10F52A0D855B00995004 /* AppEntryPoint */,
				1F556C372A0D872E0049B6A2 /* Effects */,
				1F2E10F72A0D857900995004 /* Extensions */,
				1F2E10FA2A0D857900995004 /* Views */,
				1F2E10EB2A0D854200995004 /* Assets.xcassets */,
				1F2E10ED2A0D854200995004 /* Preview Content */,
			);
			path = FloatingHearts;
			sourceTree = "<group>";
		};
		1F2E10ED2A0D854200995004 /* Preview Content */ = {
			isa = PBXGroup;
			children = (
				1F2E10EE2A0D854200995004 /* Preview Assets.xcassets */,
			);
			path = "Preview Content";
			sourceTree = "<group>";
		};
		1F2E10F52A0D855B00995004 /* AppEntryPoint */ = {
			isa = PBXGroup;
			children = (
				1F2E10E72A0D854100995004 /* FloatingHeartsApp.swift */,
			);
			path = AppEntryPoint;
			sourceTree = "<group>";
		};
		1F2E10F72A0D857900995004 /* Extensions */ = {
			isa = PBXGroup;
			children = (
				1F2E10F82A0D857900995004 /* ArrayExtensions.swift */,
				1F2E10F92A0D857900995004 /* ColorExtensions.swift */,
			);
			path = Extensions;
			sourceTree = "<group>";
		};
		1F2E10FA2A0D857900995004 /* Views */ = {
			isa = PBXGroup;
			children = (
				1F2E10E92A0D854100995004 /* ContentView.swift */,
				1F2E10FC2A0D857900995004 /* HeartView */,
				1F2E10FF2A0D857900995004 /* HeartsView.swift */,
			);
			path = Views;
			sourceTree = "<group>";
		};
		1F2E10FC2A0D857900995004 /* HeartView */ = {
			isa = PBXGroup;
			children = (
				1F2E10FE2A0D857900995004 /* HeartView.swift */,
				1F2E10FD2A0D857900995004 /* HeartViewModel.swift */,
			);
			path = HeartView;
			sourceTree = "<group>";
		};
		1F556C372A0D872E0049B6A2 /* Effects */ = {
			isa = PBXGroup;
			children = (
				1F2E10FB2A0D857900995004 /* MoveShakeScale.swift */,
			);
			path = Effects;
			sourceTree = "<group>";
		};
/* End PBXGroup section */

/* Begin PBXNativeTarget section */
		1F2E10E32A0D854100995004 /* FloatingHearts */ = {
			isa = PBXNativeTarget;
			buildConfigurationList = 1F2E10F22A0D854200995004 /* Build configuration list for PBXNativeTarget "FloatingHearts" */;
			buildPhases = (
				1F2E10E02A0D854100995004 /* Sources */,
				1F2E10E12A0D854100995004 /* Frameworks */,
				1F2E10E22A0D854100995004 /* Resources */,
			);
			buildRules = (
			);
			dependencies = (
			);
			name = FloatingHearts;
			packageProductDependencies = (
				1F2E11092A0D85F700995004 /* SwiftCubicSpline */,
			);
			productName = FloatingHearts;
			productReference = 1F2E10E42A0D854100995004 /* FloatingHearts.app */;
			productType = "com.apple.product-type.application";
		};
/* End PBXNativeTarget section */

/* Begin PBXProject section */
		1F2E10DC2A0D854100995004 /* Project object */ = {
			isa = PBXProject;
			attributes = {
				BuildIndependentTargetsInParallel = 1;
				LastSwiftUpdateCheck = 1430;
				LastUpgradeCheck = 1430;
				TargetAttributes = {
					1F2E10E32A0D854100995004 = {
						CreatedOnToolsVersion = 14.3;
					};
				};
			};
			buildConfigurationList = 1F2E10DF2A0D854100995004 /* Build configuration list for PBXProject "FloatingHearts" */;
			compatibilityVersion = "Xcode 14.0";
			developmentRegion = en;
			hasScannedForEncodings = 0;
			knownRegions = (
				en,
				Base,
			);
			mainGroup = 1F2E10DB2A0D854100995004;
			packageReferences = (
				1F2E11082A0D85F700995004 /* XCRemoteSwiftPackageReference "SwiftCubicSpline" */,
			);
			productRefGroup = 1F2E10E52A0D854100995004 /* Products */;
			projectDirPath = "";
			projectRoot = "";
			targets = (
				1F2E10E32A0D854100995004 /* FloatingHearts */,
			);
		};
/* End PBXProject section */

/* Begin PBXResourcesBuildPhase section */
		1F2E10E22A0D854100995004 /* Resources */ = {
			isa = PBXResourcesBuildPhase;
			buildActionMask = 2147483647;
			files = (
				1F2E10EF2A0D854200995004 /* Preview Assets.xcassets in Resources */,
				1F2E10EC2A0D854200995004 /* Assets.xcassets in Resources */,
			);
			runOnlyForDeploymentPostprocessing = 0;
		};
/* End PBXResourcesBuildPhase section */

/* Begin PBXSourcesBuildPhase section */
		1F2E10E02A0D854100995004 /* Sources */ = {
			isa = PBXSourcesBuildPhase;
			buildActionMask = 2147483647;
			files = (
				1F2E11032A0D857900995004 /* MoveShakeScale.swift in Sources */,
				1F2E11042A0D857900995004 /* HeartViewModel.swift in Sources */,
				1F2E11052A0D857900995004 /* HeartView.swift in Sources */,
				1F2E10EA2A0D854100995004 /* ContentView.swift in Sources */,
				1F2E11012A0D857900995004 /* ArrayExtensions.swift in Sources */,
				1F2E11062A0D857900995004 /* HeartsView.swift in Sources */,
				1F2E10E82A0D854100995004 /* FloatingHeartsApp.swift in Sources */,
				1F2E11022A0D857900995004 /* ColorExtensions.swift in Sources */,
			);
			runOnlyForDeploymentPostprocessing = 0;
		};
/* End PBXSourcesBuildPhase section */

/* Begin XCBuildConfiguration section */
		1F2E10F02A0D854200995004 /* Debug */ = {
			isa = XCBuildConfiguration;
			buildSettings = {
				ALWAYS_SEARCH_USER_PATHS = NO;
				CLANG_ANALYZER_NONNULL = YES;
				CLANG_ANALYZER_NUMBER_OBJECT_CONVERSION = YES_AGGRESSIVE;
				CLANG_CXX_LANGUAGE_STANDARD = "gnu++20";
				CLANG_ENABLE_MODULES = YES;
				CLANG_ENABLE_OBJC_ARC = YES;
				CLANG_ENABLE_OBJC_WEAK = YES;
				CLANG_WARN_BLOCK_CAPTURE_AUTORELEASING = YES;
				CLANG_WARN_BOOL_CONVERSION = YES;
				CLANG_WARN_COMMA = YES;
				CLANG_WARN_CONSTANT_CONVERSION = YES;
				CLANG_WARN_DEPRECATED_OBJC_IMPLEMENTATIONS = YES;
				CLANG_WARN_DIRECT_OBJC_ISA_USAGE = YES_ERROR;
				CLANG_WARN_DOCUMENTATION_COMMENTS = YES;
				CLANG_WARN_EMPTY_BODY = YES;
				CLANG_WARN_ENUM_CONVERSION = YES;
				CLANG_WARN_INFINITE_RECURSION = YES;
				CLANG_WARN_INT_CONVERSION = YES;
				CLANG_WARN_NON_LITERAL_NULL_CONVERSION = YES;
				CLANG_WARN_OBJC_IMPLICIT_RETAIN_SELF = YES;
				CLANG_WARN_OBJC_LITERAL_CONVERSION = YES;
				CLANG_WARN_OBJC_ROOT_CLASS = YES_ERROR;
				CLANG_WARN_QUOTED_INCLUDE_IN_FRAMEWORK_HEADER = YES;
				CLANG_WARN_RANGE_LOOP_ANALYSIS = YES;
				CLANG_WARN_STRICT_PROTOTYPES = YES;
				CLANG_WARN_SUSPICIOUS_MOVE = YES;
				CLANG_WARN_UNGUARDED_AVAILABILITY = YES_AGGRESSIVE;
				CLANG_WARN_UNREACHABLE_CODE = YES;
				CLANG_WARN__DUPLICATE_METHOD_MATCH = YES;
				COPY_PHASE_STRIP = NO;
				DEBUG_INFORMATION_FORMAT = dwarf;
				ENABLE_STRICT_OBJC_MSGSEND = YES;
				ENABLE_TESTABILITY = YES;
				GCC_C_LANGUAGE_STANDARD = gnu11;
				GCC_DYNAMIC_NO_PIC = NO;
				GCC_NO_COMMON_BLOCKS = YES;
				GCC_OPTIMIZATION_LEVEL = 0;
				GCC_PREPROCESSOR_DEFINITIONS = (
					"DEBUG=1",
					"$(inherited)",
				);
				GCC_WARN_64_TO_32_BIT_CONVERSION = YES;
				GCC_WARN_ABOUT_RETURN_TYPE = YES_ERROR;
				GCC_WARN_UNDECLARED_SELECTOR = YES;
				GCC_WARN_UNINITIALIZED_AUTOS = YES_AGGRESSIVE;
				GCC_WARN_UNUSED_FUNCTION = YES;
				GCC_WARN_UNUSED_VARIABLE = YES;
				IPHONEOS_DEPLOYMENT_TARGET = 16.4;
				MTL_ENABLE_DEBUG_INFO = INCLUDE_SOURCE;
				MTL_FAST_MATH = YES;
				ONLY_ACTIVE_ARCH = YES;
				SDKROOT = iphoneos;
				SWIFT_ACTIVE_COMPILATION_CONDITIONS = DEBUG;
				SWIFT_OPTIMIZATION_LEVEL = "-Onone";
			};
			name = Debug;
		};
		1F2E10F12A0D854200995004 /* Release */ = {
			isa = XCBuildConfiguration;
			buildSettings = {
				ALWAYS_SEARCH_USER_PATHS = NO;
				CLANG_ANALYZER_NONNULL = YES;
				CLANG_ANALYZER_NUMBER_OBJECT_CONVERSION = YES_AGGRESSIVE;
				CLANG_CXX_LANGUAGE_STANDARD = "gnu++20";
				CLANG_ENABLE_MODULES = YES;
				CLANG_ENABLE_OBJC_ARC = YES;
				CLANG_ENABLE_OBJC_WEAK = YES;
				CLANG_WARN_BLOCK_CAPTURE_AUTORELEASING = YES;
				CLANG_WARN_BOOL_CONVERSION = YES;
				CLANG_WARN_COMMA = YES;
				CLANG_WARN_CONSTANT_CONVERSION = YES;
				CLANG_WARN_DEPRECATED_OBJC_IMPLEMENTATIONS = YES;
				CLANG_WARN_DIRECT_OBJC_ISA_USAGE = YES_ERROR;
				CLANG_WARN_DOCUMENTATION_COMMENTS = YES;
				CLANG_WARN_EMPTY_BODY = YES;
				CLANG_WARN_ENUM_CONVERSION = YES;
				CLANG_WARN_INFINITE_RECURSION = YES;
				CLANG_WARN_INT_CONVERSION = YES;
				CLANG_WARN_NON_LITERAL_NULL_CONVERSION = YES;
				CLANG_WARN_OBJC_IMPLICIT_RETAIN_SELF = YES;
				CLANG_WARN_OBJC_LITERAL_CONVERSION = YES;
				CLANG_WARN_OBJC_ROOT_CLASS = YES_ERROR;
				CLANG_WARN_QUOTED_INCLUDE_IN_FRAMEWORK_HEADER = YES;
				CLANG_WARN_RANGE_LOOP_ANALYSIS = YES;
				CLANG_WARN_STRICT_PROTOTYPES = YES;
				CLANG_WARN_SUSPICIOUS_MOVE = YES;
				CLANG_WARN_UNGUARDED_AVAILABILITY = YES_AGGRESSIVE;
				CLANG_WARN_UNREACHABLE_CODE = YES;
				CLANG_WARN__DUPLICATE_METHOD_MATCH = YES;
				COPY_PHASE_STRIP = NO;
				DEBUG_INFORMATION_FORMAT = "dwarf-with-dsym";
				ENABLE_NS_ASSERTIONS = NO;
				ENABLE_STRICT_OBJC_MSGSEND = YES;
				GCC_C_LANGUAGE_STANDARD = gnu11;
				GCC_NO_COMMON_BLOCKS = YES;
				GCC_WARN_64_TO_32_BIT_CONVERSION = YES;
				GCC_WARN_ABOUT_RETURN_TYPE = YES_ERROR;
				GCC_WARN_UNDECLARED_SELECTOR = YES;
				GCC_WARN_UNINITIALIZED_AUTOS = YES_AGGRESSIVE;
				GCC_WARN_UNUSED_FUNCTION = YES;
				GCC_WARN_UNUSED_VARIABLE = YES;
				IPHONEOS_DEPLOYMENT_TARGET = 16.4;
				MTL_ENABLE_DEBUG_INFO = NO;
				MTL_FAST_MATH = YES;
				SDKROOT = iphoneos;
				SWIFT_COMPILATION_MODE = wholemodule;
				SWIFT_OPTIMIZATION_LEVEL = "-O";
				VALIDATE_PRODUCT = YES;
			};
			name = Release;
		};
		1F2E10F32A0D854200995004 /* Debug */ = {
			isa = XCBuildConfiguration;
			buildSettings = {
				ASSETCATALOG_COMPILER_APPICON_NAME = AppIcon;
				ASSETCATALOG_COMPILER_GLOBAL_ACCENT_COLOR_NAME = AccentColor;
				CODE_SIGN_STYLE = Automatic;
				CURRENT_PROJECT_VERSION = 1;
				DEVELOPMENT_ASSET_PATHS = "\"FloatingHearts/Preview Content\"";
				DEVELOPMENT_TEAM = UTG2V2H3FK;
				ENABLE_PREVIEWS = YES;
				GENERATE_INFOPLIST_FILE = YES;
				INFOPLIST_KEY_UIApplicationSceneManifest_Generation = YES;
				INFOPLIST_KEY_UIApplicationSupportsIndirectInputEvents = YES;
				INFOPLIST_KEY_UILaunchScreen_Generation = YES;
				INFOPLIST_KEY_UISupportedInterfaceOrientations_iPad = "UIInterfaceOrientationPortrait UIInterfaceOrientationPortraitUpsideDown UIInterfaceOrientationLandscapeLeft UIInterfaceOrientationLandscapeRight";
				INFOPLIST_KEY_UISupportedInterfaceOrientations_iPhone = "UIInterfaceOrientationPortrait UIInterfaceOrientationLandscapeLeft UIInterfaceOrientationLandscapeRight";
				LD_RUNPATH_SEARCH_PATHS = (
					"$(inherited)",
					"@executable_path/Frameworks",
				);
				MARKETING_VERSION = 1.0;
				PRODUCT_BUNDLE_IDENTIFIER = ro.deltaapps.FloatingHearts;
				PRODUCT_NAME = "$(TARGET_NAME)";
				SWIFT_EMIT_LOC_STRINGS = YES;
				SWIFT_VERSION = 5.0;
				TARGETED_DEVICE_FAMILY = "1,2";
			};
			name = Debug;
		};
		1F2E10F42A0D854200995004 /* Release */ = {
			isa = XCBuildConfiguration;
			buildSettings = {
				ASSETCATALOG_COMPILER_APPICON_NAME = AppIcon;
				ASSETCATALOG_COMPILER_GLOBAL_ACCENT_COLOR_NAME = AccentColor;
				CODE_SIGN_STYLE = Automatic;
				CURRENT_PROJECT_VERSION = 1;
				DEVELOPMENT_ASSET_PATHS = "\"FloatingHearts/Preview Content\"";
				DEVELOPMENT_TEAM = UTG2V2H3FK;
				ENABLE_PREVIEWS = YES;
				GENERATE_INFOPLIST_FILE = YES;
				INFOPLIST_KEY_UIApplicationSceneManifest_Generation = YES;
				INFOPLIST_KEY_UIApplicationSupportsIndirectInputEvents = YES;
				INFOPLIST_KEY_UILaunchScreen_Generation = YES;
				INFOPLIST_KEY_UISupportedInterfaceOrientations_iPad = "UIInterfaceOrientationPortrait UIInterfaceOrientationPortraitUpsideDown UIInterfaceOrientationLandscapeLeft UIInterfaceOrientationLandscapeRight";
				INFOPLIST_KEY_UISupportedInterfaceOrientations_iPhone = "UIInterfaceOrientationPortrait UIInterfaceOrientationLandscapeLeft UIInterfaceOrientationLandscapeRight";
				LD_RUNPATH_SEARCH_PATHS = (
					"$(inherited)",
					"@executable_path/Frameworks",
				);
				MARKETING_VERSION = 1.0;
				PRODUCT_BUNDLE_IDENTIFIER = ro.deltaapps.FloatingHearts;
				PRODUCT_NAME = "$(TARGET_NAME)";
				SWIFT_EMIT_LOC_STRINGS = YES;
				SWIFT_VERSION = 5.0;
				TARGETED_DEVICE_FAMILY = "1,2";
			};
			name = Release;
		};
/* End XCBuildConfiguration section */

/* Begin XCConfigurationList section */
		1F2E10DF2A0D854100995004 /* Build configuration list for PBXProject "FloatingHearts" */ = {
			isa = XCConfigurationList;
			buildConfigurations = (
				1F2E10F02A0D854200995004 /* Debug */,
				1F2E10F12A0D854200995004 /* Release */,
			);
			defaultConfigurationIsVisible = 0;
			defaultConfigurationName = Release;
		};
		1F2E10F22A0D854200995004 /* Build configuration list for PBXNativeTarget "FloatingHearts" */ = {
			isa = XCConfigurationList;
			buildConfigurations = (
				1F2E10F32A0D854200995004 /* Debug */,
				1F2E10F42A0D854200995004 /* Release */,
			);
			defaultConfigurationIsVisible = 0;
			defaultConfigurationName = Release;
		};
/* End XCConfigurationList section */

/* Begin XCRemoteSwiftPackageReference section */
		1F2E11082A0D85F700995004 /* XCRemoteSwiftPackageReference "SwiftCubicSpline" */ = {
			isa = XCRemoteSwiftPackageReference;
			repositoryURL = "https://github.com/gscalzo/SwiftCubicSpline";
			requirement = {
				kind = upToNextMajorVersion;
				minimumVersion = 2.0.0;
			};
		};
/* End XCRemoteSwiftPackageReference section */

/* Begin XCSwiftPackageProductDependency section */
		1F2E11092A0D85F700995004 /* SwiftCubicSpline */ = {
			isa = XCSwiftPackageProductDependency;
			package = 1F2E11082A0D85F700995004 /* XCRemoteSwiftPackageReference "SwiftCubicSpline" */;
			productName = SwiftCubicSpline;
		};
/* End XCSwiftPackageProductDependency section */
	};
	rootObject = 1F2E10DC2A0D854100995004 /* Project object */;
}
